// !$*UTF8*$!
{
	archiveVersion = 1;
	classes = {
	};
	objectVersion = 46;
	objects = {

/* Begin PBXBuildFile section */
		A02C0CD41CC4DBEC00F2CAE3 /* main.m in Sources */ = {isa = PBXBuildFile; fileRef = A02C0CD31CC4DBEC00F2CAE3 /* main.m */; };
		A02C0CD71CC4DBEC00F2CAE3 /* AppDelegate.m in Sources */ = {isa = PBXBuildFile; fileRef = A02C0CD61CC4DBEC00F2CAE3 /* AppDelegate.m */; };
		A02C0CDA1CC4DBEC00F2CAE3 /* ViewController.m in Sources */ = {isa = PBXBuildFile; fileRef = A02C0CD91CC4DBEC00F2CAE3 /* ViewController.m */; };
		A02C0CDD1CC4DBEC00F2CAE3 /* Main.storyboard in Resources */ = {isa = PBXBuildFile; fileRef = A02C0CDB1CC4DBEC00F2CAE3 /* Main.storyboard */; };
		A02C0CDF1CC4DBEC00F2CAE3 /* Assets.xcassets in Resources */ = {isa = PBXBuildFile; fileRef = A02C0CDE1CC4DBEC00F2CAE3 /* Assets.xcassets */; };
		A02C0CE21CC4DBEC00F2CAE3 /* LaunchScreen.storyboard in Resources */ = {isa = PBXBuildFile; fileRef = A02C0CE01CC4DBEC00F2CAE3 /* LaunchScreen.storyboard */; };
		A0DCC41C1CC781FE00638AC5 /* ApplePayManager.m in Sources */ = {isa = PBXBuildFile; fileRef = A0DCC41B1CC781FE00638AC5 /* ApplePayManager.m */; };
/* End PBXBuildFile section */

/* Begin PBXFileReference section */
		A02C0CCF1CC4DBEC00F2CAE3 /* ApplePayDemo.app */ = {isa = PBXFileReference; explicitFileType = wrapper.application; includeInIndex = 0; path = ApplePayDemo.app; sourceTree = BUILT_PRODUCTS_DIR; };
		A02C0CD31CC4DBEC00F2CAE3 /* main.m */ = {isa = PBXFileReference; lastKnownFileType = sourcecode.c.objc; path = main.m; sourceTree = "<group>"; };
		A02C0CD51CC4DBEC00F2CAE3 /* AppDelegate.h */ = {isa = PBXFileReference; lastKnownFileType = sourcecode.c.h; path = AppDelegate.h; sourceTree = "<group>"; };
		A02C0CD61CC4DBEC00F2CAE3 /* AppDelegate.m */ = {isa = PBXFileReference; lastKnownFileType = sourcecode.c.objc; path = AppDelegate.m; sourceTree = "<group>"; };
		A02C0CD81CC4DBEC00F2CAE3 /* ViewController.h */ = {isa = PBXFileReference; lastKnownFileType = sourcecode.c.h; path = ViewController.h; sourceTree = "<group>"; };
		A02C0CD91CC4DBEC00F2CAE3 /* ViewController.m */ = {isa = PBXFileReference; lastKnownFileType = sourcecode.c.objc; path = ViewController.m; sourceTree = "<group>"; };
		A02C0CDC1CC4DBEC00F2CAE3 /* Base */ = {isa = PBXFileReference; lastKnownFileType = file.storyboard; name = Base; path = Base.lproj/Main.storyboard; sourceTree = "<group>"; };
		A02C0CDE1CC4DBEC00F2CAE3 /* Assets.xcassets */ = {isa = PBXFileReference; lastKnownFileType = folder.assetcatalog; path = Assets.xcassets; sourceTree = "<group>"; };
		A02C0CE11CC4DBEC00F2CAE3 /* Base */ = {isa = PBXFileReference; lastKnownFileType = file.storyboard; name = Base; path = Base.lproj/LaunchScreen.storyboard; sourceTree = "<group>"; };
		A02C0CE31CC4DBEC00F2CAE3 /* Info.plist */ = {isa = PBXFileReference; lastKnownFileType = text.plist.xml; path = Info.plist; sourceTree = "<group>"; };
		A0DCC41A1CC781FE00638AC5 /* ApplePayManager.h */ = {isa = PBXFileReference; fileEncoding = 4; lastKnownFileType = sourcecode.c.h; path = ApplePayManager.h; sourceTree = "<group>"; };
		A0DCC41B1CC781FE00638AC5 /* ApplePayManager.m */ = {isa = PBXFileReference; fileEncoding = 4; lastKnownFileType = sourcecode.c.objc; path = ApplePayManager.m; sourceTree = "<group>"; };
		A0E1B5ED1CC5DC4D008EBA05 /* ApplePayDemo.entitlements */ = {isa = PBXFileReference; lastKnownFileType = text.xml; path = ApplePayDemo.entitlements; sourceTree = "<group>"; };
/* End PBXFileReference section */

/* Begin PBXFrameworksBuildPhase section */
		A02C0CCC1CC4DBEC00F2CAE3 /* Frameworks */ = {
			isa = PBXFrameworksBuildPhase;
			buildActionMask = 2147483647;
			files = (
			);
			runOnlyForDeploymentPostprocessing = 0;
		};
/* End PBXFrameworksBuildPhase section */

/* Begin PBXGroup section */
		A02C0CC61CC4DBEC00F2CAE3 = {
			isa = PBXGroup;
			children = (
				A02C0CD11CC4DBEC00F2CAE3 /* ApplePayDemo */,
				A02C0CD01CC4DBEC00F2CAE3 /* Products */,
			);
			sourceTree = "<group>";
		};
		A02C0CD01CC4DBEC00F2CAE3 /* Products */ = {
			isa = PBXGroup;
			children = (
				A02C0CCF1CC4DBEC00F2CAE3 /* ApplePayDemo.app */,
			);
			name = Products;
			sourceTree = "<group>";
		};
		A02C0CD11CC4DBEC00F2CAE3 /* ApplePayDemo */ = {
			isa = PBXGroup;
			children = (
				A0E1B5ED1CC5DC4D008EBA05 /* ApplePayDemo.entitlements */,
				A02C0CD51CC4DBEC00F2CAE3 /* AppDelegate.h */,
				A02C0CD61CC4DBEC00F2CAE3 /* AppDelegate.m */,
				A02C0CD81CC4DBEC00F2CAE3 /* ViewController.h */,
				A02C0CD91CC4DBEC00F2CAE3 /* ViewController.m */,
				A02C0CDB1CC4DBEC00F2CAE3 /* Main.storyboard */,
				A02C0CDE1CC4DBEC00F2CAE3 /* Assets.xcassets */,
				A02C0CE01CC4DBEC00F2CAE3 /* LaunchScreen.storyboard */,
				A02C0CE31CC4DBEC00F2CAE3 /* Info.plist */,
				A02C0CD21CC4DBEC00F2CAE3 /* Supporting Files */,
				A0DCC41A1CC781FE00638AC5 /* ApplePayManager.h */,
				A0DCC41B1CC781FE00638AC5 /* ApplePayManager.m */,
			);
			path = ApplePayDemo;
			sourceTree = "<group>";
		};
		A02C0CD21CC4DBEC00F2CAE3 /* Supporting Files */ = {
			isa = PBXGroup;
			children = (
				A02C0CD31CC4DBEC00F2CAE3 /* main.m */,
			);
			name = "Supporting Files";
			sourceTree = "<group>";
		};
/* End PBXGroup section */

/* Begin PBXNativeTarget section */
		A02C0CCE1CC4DBEC00F2CAE3 /* ApplePayDemo */ = {
			isa = PBXNativeTarget;
			buildConfigurationList = A02C0CE61CC4DBEC00F2CAE3 /* Build configuration list for PBXNativeTarget "ApplePayDemo" */;
			buildPhases = (
				A02C0CCB1CC4DBEC00F2CAE3 /* Sources */,
				A02C0CCC1CC4DBEC00F2CAE3 /* Frameworks */,
				A02C0CCD1CC4DBEC00F2CAE3 /* Resources */,
			);
			buildRules = (
			);
			dependencies = (
			);
			name = ApplePayDemo;
			productName = ApplePayDemo;
			productReference = A02C0CCF1CC4DBEC00F2CAE3 /* ApplePayDemo.app */;
			productType = "com.apple.product-type.application";
		};
/* End PBXNativeTarget section */

/* Begin PBXProject section */
		A02C0CC71CC4DBEC00F2CAE3 /* Project object */ = {
			isa = PBXProject;
			attributes = {
				LastUpgradeCheck = 0730;
				ORGANIZATIONNAME = jianghai;
				TargetAttributes = {
					A02C0CCE1CC4DBEC00F2CAE3 = {
						CreatedOnToolsVersion = 7.3;
						DevelopmentTeam = K8G86W2HGU;
						SystemCapabilities = {
							com.apple.OMC = {
								enabled = 1;
							};
						};
					};
				};
			};
			buildConfigurationList = A02C0CCA1CC4DBEC00F2CAE3 /* Build configuration list for PBXProject "ApplePayDemo" */;
			compatibilityVersion = "Xcode 3.2";
			developmentRegion = English;
			hasScannedForEncodings = 0;
			knownRegions = (
				en,
				Base,
			);
			mainGroup = A02C0CC61CC4DBEC00F2CAE3;
			productRefGroup = A02C0CD01CC4DBEC00F2CAE3 /* Products */;
			projectDirPath = "";
			projectRoot = "";
			targets = (
				A02C0CCE1CC4DBEC00F2CAE3 /* ApplePayDemo */,
			);
		};
/* End PBXProject section */

/* Begin PBXResourcesBuildPhase section */
		A02C0CCD1CC4DBEC00F2CAE3 /* Resources */ = {
			isa = PBXResourcesBuildPhase;
			buildActionMask = 2147483647;
			files = (
				A02C0CE21CC4DBEC00F2CAE3 /* LaunchScreen.storyboard in Resources */,
				A02C0CDF1CC4DBEC00F2CAE3 /* Assets.xcassets in Resources */,
				A02C0CDD1CC4DBEC00F2CAE3 /* Main.storyboard in Resources */,
			);
			runOnlyForDeploymentPostprocessing = 0;
		};
/* End PBXResourcesBuildPhase section */

/* Begin PBXSourcesBuildPhase section */
		A02C0CCB1CC4DBEC00F2CAE3 /* Sources */ = {
			isa = PBXSourcesBuildPhase;
			buildActionMask = 2147483647;
			files = (
				A02C0CDA1CC4DBEC00F2CAE3 /* ViewController.m in Sources */,
				A02C0CD71CC4DBEC00F2CAE3 /* AppDelegate.m in Sources */,
				A02C0CD41CC4DBEC00F2CAE3 /* main.m in Sources */,
				A0DCC41C1CC781FE00638AC5 /* ApplePayManager.m in Sources */,
			);
			runOnlyForDeploymentPostprocessing = 0;
		};
/* End PBXSourcesBuildPhase section */

/* Begin PBXVariantGroup section */
		A02C0CDB1CC4DBEC00F2CAE3 /* Main.storyboard */ = {
			isa = PBXVariantGroup;
			children = (
				A02C0CDC1CC4DBEC00F2CAE3 /* Base */,
			);
			name = Main.storyboard;
			sourceTree = "<group>";
		};
		A02C0CE01CC4DBEC00F2CAE3 /* LaunchScreen.storyboard */ = {
			isa = PBXVariantGroup;
			children = (
				A02C0CE11CC4DBEC00F2CAE3 /* Base */,
			);
			name = LaunchScreen.storyboard;
			sourceTree = "<group>";
		};
/* End PBXVariantGroup section */

/* Begin XCBuildConfiguration section */
		A02C0CE41CC4DBEC00F2CAE3 /* Debug */ = {
			isa = XCBuildConfiguration;
			buildSettings = {
				ALWAYS_SEARCH_USER_PATHS = NO;
				CLANG_ANALYZER_NONNULL = YES;
				CLANG_CXX_LANGUAGE_STANDARD = "gnu++0x";
				CLANG_CXX_LIBRARY = "libc++";
				CLANG_ENABLE_MODULES = YES;
				CLANG_ENABLE_OBJC_ARC = YES;
				CLANG_WARN_BOOL_CONVERSION = YES;
				CLANG_WARN_CONSTANT_CONVERSION = YES;
				CLANG_WARN_DIRECT_OBJC_ISA_USAGE = YES_ERROR;
				CLANG_WARN_EMPTY_BODY = YES;
				CLANG_WARN_ENUM_CONVERSION = YES;
				CLANG_WARN_INT_CONVERSION = YES;
				CLANG_WARN_OBJC_ROOT_CLASS = YES_ERROR;
				CLANG_WARN_UNREACHABLE_CODE = YES;
				CLANG_WARN__DUPLICATE_METHOD_MATCH = YES;
				"CODE_SIGN_IDENTITY[sdk=iphoneos*]" = "iPhone Developer";
				COPY_PHASE_STRIP = NO;
				DEBUG_INFORMATION_FORMAT = dwarf;
				ENABLE_STRICT_OBJC_MSGSEND = YES;
				ENABLE_TESTABILITY = YES;
				GCC_C_LANGUAGE_STANDARD = gnu99;
				GCC_DYNAMIC_NO_PIC = NO;
				GCC_NO_COMMON_BLOCKS = YES;
				GCC_OPTIMIZATION_LEVEL = 0;
				GCC_PREPROCESSOR_DEFINITIONS = (
					"DEBUG=1",
					"$(inherited)",
				);
				GCC_WARN_64_TO_32_BIT_CONVERSION = YES;
				GCC_WARN_ABOUT_RETURN_TYPE = YES_ERROR;
				GCC_WARN_UNDECLARED_SELECTOR = YES;
				GCC_WARN_UNINITIALIZED_AUTOS = YES_AGGRESSIVE;
				GCC_WARN_UNUSED_FUNCTION = YES;
				GCC_WARN_UNUSED_VARIABLE = YES;
				IPHONEOS_DEPLOYMENT_TARGET = 9.3;
				MTL_ENABLE_DEBUG_INFO = YES;
				ONLY_ACTIVE_ARCH = YES;
				SDKROOT = iphoneos;
				TARGETED_DEVICE_FAMILY = "1,2";
			};
			name = Debug;
		};
		A02C0CE51CC4DBEC00F2CAE3 /* Release */ = {
			isa = XCBuildConfiguration;
			buildSettings = {
				ALWAYS_SEARCH_USER_PATHS = NO;
				CLANG_ANALYZER_NONNULL = YES;
				CLANG_CXX_LANGUAGE_STANDARD = "gnu++0x";
				CLANG_CXX_LIBRARY = "libc++";
				CLANG_ENABLE_MODULES = YES;
				CLANG_ENABLE_OBJC_ARC = YES;
				CLANG_WARN_BOOL_CONVERSION = YES;
				CLANG_WARN_CONSTANT_CONVERSION = YES;
				CLANG_WARN_DIRECT_OBJC_ISA_USAGE = YES_ERROR;
				CLANG_WARN_EMPTY_BODY = YES;
				CLANG_WARN_ENUM_CONVERSION = YES;
				CLANG_WARN_INT_CONVERSION = YES;
				CLANG_WARN_OBJC_ROOT_CLASS = YES_ERROR;
				CLANG_WARN_UNREACHABLE_CODE = YES;
				CLANG_WARN__DUPLICATE_METHOD_MATCH = YES;
				"CODE_SIGN_IDENTITY[sdk=iphoneos*]" = "iPhone Developer";
				COPY_PHASE_STRIP = NO;
				DEBUG_INFORMATION_FORMAT = "dwarf-with-dsym";
				ENABLE_NS_ASSERTIONS = NO;
				ENABLE_STRICT_OBJC_MSGSEND = YES;
				GCC_C_LANGUAGE_STANDARD = gnu99;
				GCC_NO_COMMON_BLOCKS = YES;
				GCC_WARN_64_TO_32_BIT_CONVERSION = YES;
				GCC_WARN_ABOUT_RETURN_TYPE = YES_ERROR;
				GCC_WARN_UNDECLARED_SELECTOR = YES;
				GCC_WARN_UNINITIALIZED_AUTOS = YES_AGGRESSIVE;
				GCC_WARN_UNUSED_FUNCTION = YES;
				GCC_WARN_UNUSED_VARIABLE = YES;
				IPHONEOS_DEPLOYMENT_TARGET = 9.3;
				MTL_ENABLE_DEBUG_INFO = NO;
				SDKROOT = iphoneos;
				TARGETED_DEVICE_FAMILY = "1,2";
				VALIDATE_PRODUCT = YES;
			};
			name = Release;
		};
		A02C0CE71CC4DBEC00F2CAE3 /* Debug */ = {
			isa = XCBuildConfiguration;
			buildSettings = {
				ASSETCATALOG_COMPILER_APPICON_NAME = AppIcon;
				CODE_SIGN_ENTITLEMENTS = ApplePayDemo/ApplePayDemo.entitlements;
				CODE_SIGN_IDENTITY = "iPhone Developer";
				"CODE_SIGN_IDENTITY[sdk=iphoneos*]" = "iPhone Developer";
				INFOPLIST_FILE = ApplePayDemo/Info.plist;
				IPHONEOS_DEPLOYMENT_TARGET = 7.0;
				LD_RUNPATH_SEARCH_PATHS = "$(inherited) @executable_path/Frameworks";
				PRODUCT_BUNDLE_IDENTIFIER = com.mll.mllcustomer;
				PRODUCT_NAME = "$(TARGET_NAME)";
				PROVISIONING_PROFILE = "";
			};
			name = Debug;
		};
		A02C0CE81CC4DBEC00F2CAE3 /* Release */ = {
			isa = XCBuildConfiguration;
			buildSettings = {
				ASSETCATALOG_COMPILER_APPICON_NAME = AppIcon;
				CODE_SIGN_ENTITLEMENTS = ApplePayDemo/ApplePayDemo.entitlements;
				CODE_SIGN_IDENTITY = "iPhone Developer";
				"CODE_SIGN_IDENTITY[sdk=iphoneos*]" = "iPhone Developer";
				INFOPLIST_FILE = ApplePayDemo/Info.plist;
				IPHONEOS_DEPLOYMENT_TARGET = 7.0;
				LD_RUNPATH_SEARCH_PATHS = "$(inherited) @executable_path/Frameworks";
				PRODUCT_BUNDLE_IDENTIFIER = com.mll.mllcustomer;
				PRODUCT_NAME = "$(TARGET_NAME)";
				PROVISIONING_PROFILE = "";
			};
			name = Release;
		};
/* End XCBuildConfiguration section */

/* Begin XCConfigurationList section */
		A02C0CCA1CC4DBEC00F2CAE3 /* Build configuration list for PBXProject "ApplePayDemo" */ = {
			isa = XCConfigurationList;
			buildConfigurations = (
				A02C0CE41CC4DBEC00F2CAE3 /* Debug */,
				A02C0CE51CC4DBEC00F2CAE3 /* Release */,
			);
			defaultConfigurationIsVisible = 0;
			defaultConfigurationName = Release;
		};
		A02C0CE61CC4DBEC00F2CAE3 /* Build configuration list for PBXNativeTarget "ApplePayDemo" */ = {
			isa = XCConfigurationList;
			buildConfigurations = (
				A02C0CE71CC4DBEC00F2CAE3 /* Debug */,
				A02C0CE81CC4DBEC00F2CAE3 /* Release */,
			);
			defaultConfigurationIsVisible = 0;
			defaultConfigurationName = Release;
		};
/* End XCConfigurationList section */
	};
	rootObject = A02C0CC71CC4DBEC00F2CAE3 /* Project object */;
}
